
Microsoft Visual Studio Solution File, Format Version 12.00
# Visual Studio Version 16
VisualStudioVersion = 16.0.30503.244
MinimumVisualStudioVersion = 10.0.40219.1
Project("{FAE04EC0-301F-11D3-BF4B-00C04F79EFBC}") = "dbApp1", "dbApp1\dbApp1.csproj", "{8AD8B3CF-D94B-478B-B998-56E7F4DA1027}"
EndProject
Global
	GlobalSection(SolutionConfigurationPlatforms) = preSolution
		Debug|Any CPU = Debug|Any CPU
		Release|Any CPU = Release|Any CPU
	EndGlobalSection
	GlobalSection(ProjectConfigurationPlatforms) = postSolution
		{8AD8B3CF-D94B-478B-B998-56E7F4DA1027}.Debug|Any CPU.ActiveCfg = Debug|Any CPU
		{8AD8B3CF-D94B-478B-B998-56E7F4DA1027}.Debug|Any CPU.Build.0 = Debug|Any CPU
		{8AD8B3CF-D94B-478B-B998-56E7F4DA1027}.Release|Any CPU.ActiveCfg = Release|Any CPU
		{8AD8B3CF-D94B-478B-B998-56E7F4DA1027}.Release|Any CPU.Build.0 = Release|Any CPU
	EndGlobalSection
	GlobalSection(SolutionProperties) = preSolution
		HideSolutionNode = FALSE
	EndGlobalSection
	GlobalSection(ExtensibilityGlobals) = postSolution
		SolutionGuid = {36090CCA-582F-49F3-90AD-9ED2B145DF30}
	EndGlobalSection
EndGlobal
